Microsoft Visual Studio Solution File, Format Version 12.00
# Visual Studio Version 16
VisualStudioVersion = 16.0.29926.136
MinimumVisualStudioVersion = 10.0.40219.1
Project("{9A19103F-16F7-4668-BE54-9A1E7A4F7556}") = "HubSpotTest.API", "HubSpotTest.API\HubSpotTest.API.csproj", "{E6F65068-96A8-4200-8650-172FB0CB9331}"
EndProject
Project("{9A19103F-16F7-4668-BE54-9A1E7A4F7556}") = "HubSpotTest.Service", "HubSpotTest.Service\HubSpotTest.Service.csproj", "{147BDE0E-5468-4BB7-B079-3EFB97D04374}"
EndProject
Project("{9A19103F-16F7-4668-BE54-9A1E7A4F7556}") = "HubSpotTest.Model", "HubSpotTest.Model\HubSpotTest.Model.csproj", "{19C82846-EC25-4296-AF3F-6A589825580A}"
EndProject
Project("{2150E333-8FDC-42A3-9474-1A3956D46DE8}") = "FunctionApps", "FunctionApps", "{CCB9DE9B-2BD4-4A8A-944A-DA819A87B28C}"
EndProject
Project("{9A19103F-16F7-4668-BE54-9A1E7A4F7556}") = "HubSpotTest.FunctionApp.Webhook", "FunctionApps\HubSpotTest.FunctionApp.Webhook\HubSpotTest.FunctionApp.Webhook.csproj", "{E522C3DF-7A4D-4E9A-844C-F005E5977A67}"
EndProject
Project("{159641D6-6404-4A2A-AE62-294DE0FE8301}") = "HubspotTest.Awis.DataCapture", "HubspotTest.Awis.DataCapture\HubspotTest.Awis.DataCapture.dtproj", "{783099AF-381B-4332-BF32-2E9C767F972D}"
EndProject
Project("{9A19103F-16F7-4668-BE54-9A1E7A4F7556}") = "HubSpotTest.Resonance.Sender", "HubSpotTest.Resonance.Sender\HubSpotTest.Resonance.Sender.csproj", "{4349E444-F8CE-476B-8847-B4FDEEAAFE8D}"
EndProject
Project("{9A19103F-16F7-4668-BE54-9A1E7A4F7556}") = "HubSpotTest.Resonance.Reciever", "HubSpotTest.Resonance.Reciever\HubSpotTest.Resonance.Reciever.csproj", "{D128E9E0-24A9-4A02-AA2C-8C48594362FA}"
EndProject
Project("{FAE04EC0-301F-11D3-BF4B-00C04F79EFBC}") = "HubspotTest.RabbitMQ.Sender", "HubspotTest.RabbitMQ.Sender\HubspotTest.RabbitMQ.Sender.csproj", "{3C92AAA0-AFFB-4434-84BE-70A62A892CE2}"
EndProject
Project("{FAE04EC0-301F-11D3-BF4B-00C04F79EFBC}") = "HubspotTest.RabbitMQ.Reciever", "HubspotTest.RabbitMQ.Reciever\HubspotTest.RabbitMQ.Reciever.csproj", "{85044B7D-ADC6-47F0-9C7B-732BB23D90E0}"
EndProject
Global
	GlobalSection(SolutionConfigurationPlatforms) = preSolution
		Debug|Any CPU = Debug|Any CPU
		Development|Any CPU = Development|Any CPU
		Release|Any CPU = Release|Any CPU
	EndGlobalSection
	GlobalSection(ProjectConfigurationPlatforms) = postSolution
		{E6F65068-96A8-4200-8650-172FB0CB9331}.Debug|Any CPU.ActiveCfg = Debug|Any CPU
		{E6F65068-96A8-4200-8650-172FB0CB9331}.Debug|Any CPU.Build.0 = Debug|Any CPU
		{E6F65068-96A8-4200-8650-172FB0CB9331}.Development|Any CPU.ActiveCfg = Debug|Any CPU
		{E6F65068-96A8-4200-8650-172FB0CB9331}.Development|Any CPU.Build.0 = Debug|Any CPU
		{E6F65068-96A8-4200-8650-172FB0CB9331}.Release|Any CPU.ActiveCfg = Release|Any CPU
		{E6F65068-96A8-4200-8650-172FB0CB9331}.Release|Any CPU.Build.0 = Release|Any CPU
		{147BDE0E-5468-4BB7-B079-3EFB97D04374}.Debug|Any CPU.ActiveCfg = Debug|Any CPU
		{147BDE0E-5468-4BB7-B079-3EFB97D04374}.Debug|Any CPU.Build.0 = Debug|Any CPU
		{147BDE0E-5468-4BB7-B079-3EFB97D04374}.Development|Any CPU.ActiveCfg = Debug|Any CPU
		{147BDE0E-5468-4BB7-B079-3EFB97D04374}.Development|Any CPU.Build.0 = Debug|Any CPU
		{147BDE0E-5468-4BB7-B079-3EFB97D04374}.Release|Any CPU.ActiveCfg = Release|Any CPU
		{147BDE0E-5468-4BB7-B079-3EFB97D04374}.Release|Any CPU.Build.0 = Release|Any CPU
		{19C82846-EC25-4296-AF3F-6A589825580A}.Debug|Any CPU.ActiveCfg = Debug|Any CPU
		{19C82846-EC25-4296-AF3F-6A589825580A}.Debug|Any CPU.Build.0 = Debug|Any CPU
		{19C82846-EC25-4296-AF3F-6A589825580A}.Development|Any CPU.ActiveCfg = Debug|Any CPU
		{19C82846-EC25-4296-AF3F-6A589825580A}.Development|Any CPU.Build.0 = Debug|Any CPU
		{19C82846-EC25-4296-AF3F-6A589825580A}.Release|Any CPU.ActiveCfg = Release|Any CPU
		{19C82846-EC25-4296-AF3F-6A589825580A}.Release|Any CPU.Build.0 = Release|Any CPU
		{E522C3DF-7A4D-4E9A-844C-F005E5977A67}.Debug|Any CPU.ActiveCfg = Debug|Any CPU
		{E522C3DF-7A4D-4E9A-844C-F005E5977A67}.Debug|Any CPU.Build.0 = Debug|Any CPU
		{E522C3DF-7A4D-4E9A-844C-F005E5977A67}.Development|Any CPU.ActiveCfg = Debug|Any CPU
		{E522C3DF-7A4D-4E9A-844C-F005E5977A67}.Development|Any CPU.Build.0 = Debug|Any CPU
		{E522C3DF-7A4D-4E9A-844C-F005E5977A67}.Release|Any CPU.ActiveCfg = Release|Any CPU
		{E522C3DF-7A4D-4E9A-844C-F005E5977A67}.Release|Any CPU.Build.0 = Release|Any CPU
		{783099AF-381B-4332-BF32-2E9C767F972D}.Debug|Any CPU.ActiveCfg = Development
		{783099AF-381B-4332-BF32-2E9C767F972D}.Debug|Any CPU.Build.0 = Development
		{783099AF-381B-4332-BF32-2E9C767F972D}.Development|Any CPU.ActiveCfg = Development
		{783099AF-381B-4332-BF32-2E9C767F972D}.Development|Any CPU.Build.0 = Development
		{783099AF-381B-4332-BF32-2E9C767F972D}.Release|Any CPU.ActiveCfg = Development
		{783099AF-381B-4332-BF32-2E9C767F972D}.Release|Any CPU.Build.0 = Development
		{4349E444-F8CE-476B-8847-B4FDEEAAFE8D}.Debug|Any CPU.ActiveCfg = Debug|Any CPU
		{4349E444-F8CE-476B-8847-B4FDEEAAFE8D}.Debug|Any CPU.Build.0 = Debug|Any CPU
		{4349E444-F8CE-476B-8847-B4FDEEAAFE8D}.Development|Any CPU.ActiveCfg = Debug|Any CPU
		{4349E444-F8CE-476B-8847-B4FDEEAAFE8D}.Development|Any CPU.Build.0 = Debug|Any CPU
		{4349E444-F8CE-476B-8847-B4FDEEAAFE8D}.Release|Any CPU.ActiveCfg = Release|Any CPU
		{4349E444-F8CE-476B-8847-B4FDEEAAFE8D}.Release|Any CPU.Build.0 = Release|Any CPU
		{D128E9E0-24A9-4A02-AA2C-8C48594362FA}.Debug|Any CPU.ActiveCfg = Debug|Any CPU
		{D128E9E0-24A9-4A02-AA2C-8C48594362FA}.Debug|Any CPU.Build.0 = Debug|Any CPU
		{D128E9E0-24A9-4A02-AA2C-8C48594362FA}.Development|Any CPU.ActiveCfg = Debug|Any CPU
		{D128E9E0-24A9-4A02-AA2C-8C48594362FA}.Development|Any CPU.Build.0 = Debug|Any CPU
		{D128E9E0-24A9-4A02-AA2C-8C48594362FA}.Release|Any CPU.ActiveCfg = Release|Any CPU
		{D128E9E0-24A9-4A02-AA2C-8C48594362FA}.Release|Any CPU.Build.0 = Release|Any CPU
		{3C92AAA0-AFFB-4434-84BE-70A62A892CE2}.Debug|Any CPU.ActiveCfg = Debug|Any CPU
		{3C92AAA0-AFFB-4434-84BE-70A62A892CE2}.Debug|Any CPU.Build.0 = Debug|Any CPU
		{3C92AAA0-AFFB-4434-84BE-70A62A892CE2}.Development|Any CPU.ActiveCfg = Debug|Any CPU
		{3C92AAA0-AFFB-4434-84BE-70A62A892CE2}.Development|Any CPU.Build.0 = Debug|Any CPU
		{3C92AAA0-AFFB-4434-84BE-70A62A892CE2}.Release|Any CPU.ActiveCfg = Release|Any CPU
		{3C92AAA0-AFFB-4434-84BE-70A62A892CE2}.Release|Any CPU.Build.0 = Release|Any CPU
		{85044B7D-ADC6-47F0-9C7B-732BB23D90E0}.Debug|Any CPU.ActiveCfg = Debug|Any CPU
		{85044B7D-ADC6-47F0-9C7B-732BB23D90E0}.Debug|Any CPU.Build.0 = Debug|Any CPU
		{85044B7D-ADC6-47F0-9C7B-732BB23D90E0}.Development|Any CPU.ActiveCfg = Debug|Any CPU
		{85044B7D-ADC6-47F0-9C7B-732BB23D90E0}.Development|Any CPU.Build.0 = Debug|Any CPU
		{85044B7D-ADC6-47F0-9C7B-732BB23D90E0}.Release|Any CPU.ActiveCfg = Release|Any CPU
		{85044B7D-ADC6-47F0-9C7B-732BB23D90E0}.Release|Any CPU.Build.0 = Release|Any CPU
	EndGlobalSection
	GlobalSection(SolutionProperties) = preSolution
		HideSolutionNode = FALSE
	EndGlobalSection
	GlobalSection(NestedProjects) = preSolution
		{E522C3DF-7A4D-4E9A-844C-F005E5977A67} = {CCB9DE9B-2BD4-4A8A-944A-DA819A87B28C}
	EndGlobalSection
	GlobalSection(ExtensibilityGlobals) = postSolution
		SolutionGuid = {CEF97F61-F724-4D0D-8A74-39E265AEB385}
	EndGlobalSection
EndGlobal
